# This file is generated by running "yarn install" inside your project.
# Manual changes might be lost - proceed with caution!

__metadata:
  version: 6

"theloaflanguage@workspace:.":
  version: 0.0.0-use.local
  resolution: "theloaflanguage@workspace:."
  bin:
    bread: ./index.js
  languageName: unknown
  linkType: soft
